{
  "name": "node-js-getting-started",
  "version": "0.2.6",
  "lockfileVersion": 1,
  "dependencies": {
    "charenc": {
      "version": "0.0.2",
      "resolved": "https://registry.npmjs.org/charenc/-/charenc-0.0.2.tgz",
      "integrity": "sha1-wKHS86cJLgN3S/qD8UwPxXkKhmc="
    },
    "crypt": {
      "version": "0.0.2",
      "resolved": "https://registry.npmjs.org/crypt/-/crypt-0.0.2.tgz",
      "integrity": "sha1-iNf/fsDfuG9xPch7u0LQRNPmxBs="
    },
    "lodash": {
      "version": "4.17.4",
      "resolved": "https://registry.npmjs.org/lodash/-/lodash-4.17.4.tgz",
      "integrity": "sha1-eCA6TRwyiuHYbcpkYONptX9AVa4="
    },
    "sha1": {
      "version": "1.0.1",
      "resolved": "https://registry.npmjs.org/sha1/-/sha1-1.0.1.tgz",
      "integrity": "sha1-WEzH50Efl6Od6HXY43n2dnWS6EQ="
    },
    "weixin-api": {
      "version": "0.1.7",
      "resolved": "https://registry.npmjs.org/weixin-api/-/weixin-api-0.1.7.tgz",
      "integrity": "sha1-4cU4lN7bqwiu3hczqwKwEgJKg8k="
    },
    "xml2js": {
      "version": "0.4.17",
      "resolved": "https://registry.npmjs.org/xml2js/-/xml2js-0.4.17.tgz",
      "integrity": "sha1-F76T6q4/O3eTWceVtBlwWogX6Gg=",
      "dependencies": {
        "sax": {
          "version": "1.2.2",
          "resolved": "https://registry.npmjs.org/sax/-/sax-1.2.2.tgz",
          "integrity": "sha1-/YYxojvHgmvvXYcb24c3jJVkeCg="
        }
      }
    },
    "xmlbuilder": {
      "version": "4.2.1",
      "resolved": "https://registry.npmjs.org/xmlbuilder/-/xmlbuilder-4.2.1.tgz",
      "integrity": "sha1-qlijBBoGb5DqoWwvU4n/GfP0YaU="
    }
  }
}
